{
  "object": {
    "pins": [
      {
        "package": "OpenAI",
        "repositoryURL": "https://github.com/MacPaw/OpenAI.git",
        "state": {
          "branch": null,
          "revision": "9261cd39d55a718bcc360fbc29515a331cad5dbb",
          "version": "0.4.3"
        }
      },
      {
        "package": "swift-http-types",
        "repositoryURL": "https://github.com/apple/swift-http-types",
        "state": {
          "branch": null,
          "revision": "a0a57e949a8903563aba4615869310c0ebf14c03",
          "version": "1.4.0"
        }
      },
      {
        "package": "swift-openapi-runtime",
        "repositoryURL": "https://github.com/apple/swift-openapi-runtime",
        "state": {
          "branch": null,
          "revision": "8f33cc5dfe81169fb167da73584b9c72c3e8bc23",
          "version": "1.8.2"
        }
      }
    ]
  },
  "version": 1
}
