// !$*UTF8*$!
{
	archiveVersion = 1;
	classes = {
	};
	objectVersion = 54;
	objects = {

/* Begin PBXBuildFile section */
		035F30E9082BC0D2B9378E7F /* LocationManagerDelegate.swift in Sources */ = {isa = PBXBuildFile; fileRef = 4FD7003C318D1D7307832971 /* LocationManagerDelegate.swift */; };
		16DEAA8CA8BC2547E5C44218 /* LocationResult.swift in Sources */ = {isa = PBXBuildFile; fileRef = A90A5F054F64623EB7F30342 /* LocationResult.swift */; };
		1D3F2194083661E14CB30272 /* KeychainWrapper.swift in Sources */ = {isa = PBXBuildFile; fileRef = 65EC7C5E7A66B8BBED5847E5 /* KeychainWrapper.swift */; };
		301AFF98172BCB1CD80AE3E5 /* AppDelegate.swift in Sources */ = {isa = PBXBuildFile; fileRef = F2EE9F8450AA8A5E48D3DC7B /* AppDelegate.swift */; };
		316FC6205FEBF87506A5F838 /* SearchService.swift in Sources */ = {isa = PBXBuildFile; fileRef = 754215AFE2B7D2624E972AA0 /* SearchService.swift */; };
		3A20BC8AE7B794FE8650FF13 /* MainView.swift in Sources */ = {isa = PBXBuildFile; fileRef = 051016AF421A9AC2601BD873 /* MainView.swift */; };
		6AC4FB93BCEDDC18CA85C0FA /* MapView.swift in Sources */ = {isa = PBXBuildFile; fileRef = 92E3200CF518A41157CFFDA5 /* MapView.swift */; };
		84B7FCCCFD5A8DBDC6C83978 /* APIConfig.swift in Sources */ = {isa = PBXBuildFile; fileRef = 2731D795406DA411FD048EBD /* APIConfig.swift */; };
		92B82C51FF88C5B23B50B623 /* LocationService.swift in Sources */ = {isa = PBXBuildFile; fileRef = E0BCF69A9ABC707BC367628D /* LocationService.swift */; };
		93AC3026AB9E98250B6EE40A /* SceneDelegate.swift in Sources */ = {isa = PBXBuildFile; fileRef = F0C9B1D44A60EB33572E8F65 /* SceneDelegate.swift */; };
		A465B3009CA86504C2B71623 /* Place.swift in Sources */ = {isa = PBXBuildFile; fileRef = A3D8C7F18D068DFBF7846D9A /* Place.swift */; };
		AD20295D1FA5A638AF49C888 /* LocationResultsView.swift in Sources */ = {isa = PBXBuildFile; fileRef = 309A077FD6E87DE3147298F7 /* LocationResultsView.swift */; };
		B00C3E5FDC831DD0F8129E7E /* AIService.swift in Sources */ = {isa = PBXBuildFile; fileRef = AF8BFB3142378549088154B4 /* AIService.swift */; };
		B821583B1561E4791B067EC4 /* ChatViewModel.swift in Sources */ = {isa = PBXBuildFile; fileRef = 8624C39A22C747AC729F4D62 /* ChatViewModel.swift */; };
		BE0297212CEAE01C9531EBAE /* ChatMessage.swift in Sources */ = {isa = PBXBuildFile; fileRef = 7A8DE8F5DB13542136A2A347 /* ChatMessage.swift */; };
		C146780146DCED62C2A100BD /* MainViewModel.swift in Sources */ = {isa = PBXBuildFile; fileRef = 363FD32483FCC7E645E96564 /* MainViewModel.swift */; };
		C4A9C3C0AE932335781F3D15 /* OpenAI in Frameworks */ = {isa = PBXBuildFile; productRef = 938BB1BA3BFC8071D948C031 /* OpenAI */; };
		E8054FCAD61A92B807EF4CB4 /* ChatView.swift in Sources */ = {isa = PBXBuildFile; fileRef = A7FB2C983D4FD097E4FCACAD /* ChatView.swift */; };
		F1B2C3D4E5F6A7B8C9D0E1F2 /* LandingView.swift in Sources */ = {isa = PBXBuildFile; fileRef = A2B3C4D5E6F7A8B9C0D1E2F3 /* LandingView.swift */; };
/* End PBXBuildFile section */

/* Begin PBXFileReference section */
		051016AF421A9AC2601BD873 /* MainView.swift */ = {isa = PBXFileReference; lastKnownFileType = sourcecode.swift; path = MainView.swift; sourceTree = "<group>"; };
		2731D795406DA411FD048EBD /* APIConfig.swift */ = {isa = PBXFileReference; lastKnownFileType = sourcecode.swift; path = APIConfig.swift; sourceTree = "<group>"; };
		309A077FD6E87DE3147298F7 /* LocationResultsView.swift */ = {isa = PBXFileReference; lastKnownFileType = sourcecode.swift; path = LocationResultsView.swift; sourceTree = "<group>"; };
		363FD32483FCC7E645E96564 /* MainViewModel.swift */ = {isa = PBXFileReference; lastKnownFileType = sourcecode.swift; path = MainViewModel.swift; sourceTree = "<group>"; };
		4FD7003C318D1D7307832971 /* LocationManagerDelegate.swift */ = {isa = PBXFileReference; lastKnownFileType = sourcecode.swift; path = LocationManagerDelegate.swift; sourceTree = "<group>"; };
		65EC7C5E7A66B8BBED5847E5 /* KeychainWrapper.swift */ = {isa = PBXFileReference; lastKnownFileType = sourcecode.swift; path = KeychainWrapper.swift; sourceTree = "<group>"; };
		69B4A309352362CA5979C5B2 /* HelpingHand.app */ = {isa = PBXFileReference; includeInIndex = 0; lastKnownFileType = wrapper.application; path = HelpingHand.app; sourceTree = BUILT_PRODUCTS_DIR; };
		754215AFE2B7D2624E972AA0 /* SearchService.swift */ = {isa = PBXFileReference; lastKnownFileType = sourcecode.swift; path = SearchService.swift; sourceTree = "<group>"; };
		7A8DE8F5DB13542136A2A347 /* ChatMessage.swift */ = {isa = PBXFileReference; lastKnownFileType = sourcecode.swift; path = ChatMessage.swift; sourceTree = "<group>"; };
		8624C39A22C747AC729F4D62 /* ChatViewModel.swift */ = {isa = PBXFileReference; lastKnownFileType = sourcecode.swift; path = ChatViewModel.swift; sourceTree = "<group>"; };
		92E3200CF518A41157CFFDA5 /* MapView.swift */ = {isa = PBXFileReference; lastKnownFileType = sourcecode.swift; path = MapView.swift; sourceTree = "<group>"; };
		A3D8C7F18D068DFBF7846D9A /* Place.swift */ = {isa = PBXFileReference; lastKnownFileType = sourcecode.swift; path = Place.swift; sourceTree = "<group>"; };
		A7FB2C983D4FD097E4FCACAD /* ChatView.swift */ = {isa = PBXFileReference; lastKnownFileType = sourcecode.swift; path = ChatView.swift; sourceTree = "<group>"; };
		A90A5F054F64623EB7F30342 /* LocationResult.swift */ = {isa = PBXFileReference; lastKnownFileType = sourcecode.swift; path = LocationResult.swift; sourceTree = "<group>"; };
		AF8BFB3142378549088154B4 /* AIService.swift */ = {isa = PBXFileReference; lastKnownFileType = sourcecode.swift; path = AIService.swift; sourceTree = "<group>"; };
		BD653B8BA276102C8FD54A0A /* Info.plist */ = {isa = PBXFileReference; lastKnownFileType = text.plist; path = Info.plist; sourceTree = "<group>"; };
		E0BCF69A9ABC707BC367628D /* LocationService.swift */ = {isa = PBXFileReference; lastKnownFileType = sourcecode.swift; path = LocationService.swift; sourceTree = "<group>"; };
		F0C9B1D44A60EB33572E8F65 /* SceneDelegate.swift */ = {isa = PBXFileReference; lastKnownFileType = sourcecode.swift; path = SceneDelegate.swift; sourceTree = "<group>"; };
		F2EE9F8450AA8A5E48D3DC7B /* AppDelegate.swift */ = {isa = PBXFileReference; lastKnownFileType = sourcecode.swift; path = AppDelegate.swift; sourceTree = "<group>"; };
		A2B3C4D5E6F7A8B9C0D1E2F3 /* LandingView.swift */ = {isa = PBXFileReference; lastKnownFileType = sourcecode.swift; path = LandingView.swift; sourceTree = "<group>"; };
/* End PBXFileReference section */

/* Begin PBXFrameworksBuildPhase section */
		FB867B196CEEF8C8AE512812 /* Frameworks */ = {
			isa = PBXFrameworksBuildPhase;
			buildActionMask = 2147483647;
			files = (
				C4A9C3C0AE932335781F3D15 /* OpenAI in Frameworks */,
			);
			runOnlyForDeploymentPostprocessing = 0;
		};
/* End PBXFrameworksBuildPhase section */

/* Begin PBXGroup section */
		23C2B696EE023F8CB3D9C692 /* Utilities */ = {
			isa = PBXGroup;
			children = (
				65EC7C5E7A66B8BBED5847E5 /* KeychainWrapper.swift */,
			);
			path = Utilities;
			sourceTree = "<group>";
		};
		3500F8F8A42A3062EA685771 /* Source */ = {
			isa = PBXGroup;
			children = (
				F2EE9F8450AA8A5E48D3DC7B /* AppDelegate.swift */,
				F0C9B1D44A60EB33572E8F65 /* SceneDelegate.swift */,
				50EA4CE325CD15DEA1D31981 /* Configuration */,
				CECA7F8D7181E3FD12A1316E /* Models */,
				E1A5926F4E1B19C11DD19377 /* Services */,
				23C2B696EE023F8CB3D9C692 /* Utilities */,
				79ACED44EC0324511955C9C6 /* ViewModels */,
				45C56D7C926841F111549FC2 /* Views */,
			);
			path = Source;
			sourceTree = "<group>";
		};
		45C56D7C926841F111549FC2 /* Views */ = {
			isa = PBXGroup;
			children = (
				A7FB2C983D4FD097E4FCACAD /* ChatView.swift */,
				A2B3C4D5E6F7A8B9C0D1E2F3 /* LandingView.swift */,
				309A077FD6E87DE3147298F7 /* LocationResultsView.swift */,
				051016AF421A9AC2601BD873 /* MainView.swift */,
				92E3200CF518A41157CFFDA5 /* MapView.swift */,
			);
			path = Views;
			sourceTree = "<group>";
		};
		4ABADCDF0E6EA5551881CAE6 = {
			isa = PBXGroup;
			children = (
				F1F6203C2132CA525BB9A6BA /* App */,
				7B14871AF74C5CB731D381AD /* Products */,
			);
			sourceTree = "<group>";
		};
		50EA4CE325CD15DEA1D31981 /* Configuration */ = {
			isa = PBXGroup;
			children = (
				2731D795406DA411FD048EBD /* APIConfig.swift */,
			);
			path = Configuration;
			sourceTree = "<group>";
		};
		79ACED44EC0324511955C9C6 /* ViewModels */ = {
			isa = PBXGroup;
			children = (
				8624C39A22C747AC729F4D62 /* ChatViewModel.swift */,
				363FD32483FCC7E645E96564 /* MainViewModel.swift */,
			);
			path = ViewModels;
			sourceTree = "<group>";
		};
		7B14871AF74C5CB731D381AD /* Products */ = {
			isa = PBXGroup;
			children = (
				69B4A309352362CA5979C5B2 /* HelpingHand.app */,
			);
			name = Products;
			sourceTree = "<group>";
		};
		CECA7F8D7181E3FD12A1316E /* Models */ = {
			isa = PBXGroup;
			children = (
				7A8DE8F5DB13542136A2A347 /* ChatMessage.swift */,
				A90A5F054F64623EB7F30342 /* LocationResult.swift */,
				A3D8C7F18D068DFBF7846D9A /* Place.swift */,
			);
			path = Models;
			sourceTree = "<group>";
		};
		E1A5926F4E1B19C11DD19377 /* Services */ = {
			isa = PBXGroup;
			children = (
				AF8BFB3142378549088154B4 /* AIService.swift */,
				4FD7003C318D1D7307832971 /* LocationManagerDelegate.swift */,
				E0BCF69A9ABC707BC367628D /* LocationService.swift */,
				754215AFE2B7D2624E972AA0 /* SearchService.swift */,
			);
			path = Services;
			sourceTree = "<group>";
		};
		F1F6203C2132CA525BB9A6BA /* App */ = {
			isa = PBXGroup;
			children = (
				BD653B8BA276102C8FD54A0A /* Info.plist */,
				3500F8F8A42A3062EA685771 /* Source */,
			);
			path = App;
			sourceTree = "<group>";
		};
/* End PBXGroup section */

/* Begin PBXNativeTarget section */
		4C06D6BB43D3497FF6204D1A /* HelpingHand */ = {
			isa = PBXNativeTarget;
			buildConfigurationList = BF92356F8376B18E9DE74D1C /* Build configuration list for PBXNativeTarget "HelpingHand" */;
			buildPhases = (
				B128C2FAC44B10EF8FEAAEA5 /* Sources */,
				FB867B196CEEF8C8AE512812 /* Frameworks */,
			);
			buildRules = (
			);
			dependencies = (
			);
			name = HelpingHand;
			packageProductDependencies = (
				938BB1BA3BFC8071D948C031 /* OpenAI */,
			);
			productName = HelpingHand;
			productReference = 69B4A309352362CA5979C5B2 /* HelpingHand.app */;
			productType = "com.apple.product-type.application";
		};
/* End PBXNativeTarget section */

/* Begin PBXProject section */
		CDF0A9E71F23AB4CD5716417 /* Project object */ = {
			isa = PBXProject;
			attributes = {
				BuildIndependentTargetsInParallel = YES;
				LastUpgradeCheck = 1430;
				TargetAttributes = {
				};
			};
			buildConfigurationList = BA49ED3BA942DE3FCC38484D /* Build configuration list for PBXProject "HelpingHand" */;
			compatibilityVersion = "Xcode 14.0";
			developmentRegion = en;
			hasScannedForEncodings = 0;
			knownRegions = (
				Base,
				en,
			);
			mainGroup = 4ABADCDF0E6EA5551881CAE6;
			minimizedProjectReferenceProxies = 1;
			packageReferences = (
				1551D25354F818ADE8E59F8E /* XCRemoteSwiftPackageReference "OpenAI" */,
			);
			preferredProjectObjectVersion = 54;
			projectDirPath = "";
			projectRoot = "";
			targets = (
				4C06D6BB43D3497FF6204D1A /* HelpingHand */,
			);
		};
/* End PBXProject section */

/* Begin PBXSourcesBuildPhase section */
		B128C2FAC44B10EF8FEAAEA5 /* Sources */ = {
			isa = PBXSourcesBuildPhase;
			buildActionMask = 2147483647;
			files = (
				B00C3E5FDC831DD0F8129E7E /* AIService.swift in Sources */,
				84B7FCCCFD5A8DBDC6C83978 /* APIConfig.swift in Sources */,
				301AFF98172BCB1CD80AE3E5 /* AppDelegate.swift in Sources */,
				BE0297212CEAE01C9531EBAE /* ChatMessage.swift in Sources */,
				E8054FCAD61A92B807EF4CB4 /* ChatView.swift in Sources */,
				B821583B1561E4791B067EC4 /* ChatViewModel.swift in Sources */,
				1D3F2194083661E14CB30272 /* KeychainWrapper.swift in Sources */,
				F1B2C3D4E5F6A7B8C9D0E1F2 /* LandingView.swift in Sources */,
				035F30E9082BC0D2B9378E7F /* LocationManagerDelegate.swift in Sources */,
				16DEAA8CA8BC2547E5C44218 /* LocationResult.swift in Sources */,
				AD20295D1FA5A638AF49C888 /* LocationResultsView.swift in Sources */,
				92B82C51FF88C5B23B50B623 /* LocationService.swift in Sources */,
				3A20BC8AE7B794FE8650FF13 /* MainView.swift in Sources */,
				C146780146DCED62C2A100BD /* MainViewModel.swift in Sources */,
				6AC4FB93BCEDDC18CA85C0FA /* MapView.swift in Sources */,
				A465B3009CA86504C2B71623 /* Place.swift in Sources */,
				93AC3026AB9E98250B6EE40A /* SceneDelegate.swift in Sources */,
				316FC6205FEBF87506A5F838 /* SearchService.swift in Sources */,
			);
			runOnlyForDeploymentPostprocessing = 0;
		};
/* End PBXSourcesBuildPhase section */

/* Begin XCBuildConfiguration section */
		1D542BD5B72FAAD9670BEE31 /* Release */ = {
			isa = XCBuildConfiguration;
			buildSettings = {
				ASSETCATALOG_COMPILER_APPICON_NAME = AppIcon;
				CODE_SIGN_IDENTITY = "iPhone Developer";
				INFOPLIST_FILE = App/Info.plist;
				LD_RUNPATH_SEARCH_PATHS = (
					"$(inherited)",
					"@executable_path/Frameworks",
				);
				PRODUCT_BUNDLE_IDENTIFIER = com.example.helpinghand;
				SDKROOT = iphoneos;
				SWIFT_COMPILATION_MODE = wholemodule;
				TARGETED_DEVICE_FAMILY = "1,2";
			};
			name = Release;
		};
		455F9C213219533A4AEE852B /* Release */ = {
			isa = XCBuildConfiguration;
			buildSettings = {
				ALWAYS_SEARCH_USER_PATHS = NO;
				CLANG_ANALYZER_NONNULL = YES;
				CLANG_ANALYZER_NUMBER_OBJECT_CONVERSION = YES_AGGRESSIVE;
				CLANG_CXX_LANGUAGE_STANDARD = "gnu++14";
				CLANG_CXX_LIBRARY = "libc++";
				CLANG_ENABLE_MODULES = YES;
				CLANG_ENABLE_OBJC_ARC = YES;
				CLANG_ENABLE_OBJC_WEAK = YES;
				CLANG_WARN_BLOCK_CAPTURE_AUTORELEASING = YES;
				CLANG_WARN_BOOL_CONVERSION = YES;
				CLANG_WARN_COMMA = YES;
				CLANG_WARN_CONSTANT_CONVERSION = YES;
				CLANG_WARN_DEPRECATED_OBJC_IMPLEMENTATIONS = YES;
				CLANG_WARN_DIRECT_OBJC_ISA_USAGE = YES_ERROR;
				CLANG_WARN_DOCUMENTATION_COMMENTS = YES;
				CLANG_WARN_EMPTY_BODY = YES;
				CLANG_WARN_ENUM_CONVERSION = YES;
				CLANG_WARN_INFINITE_RECURSION = YES;
				CLANG_WARN_INT_CONVERSION = YES;
				CLANG_WARN_NON_LITERAL_NULL_CONVERSION = YES;
				CLANG_WARN_OBJC_IMPLICIT_RETAIN_SELF = YES;
				CLANG_WARN_OBJC_LITERAL_CONVERSION = YES;
				CLANG_WARN_OBJC_ROOT_CLASS = YES_ERROR;
				CLANG_WARN_QUOTED_INCLUDE_IN_FRAMEWORK_HEADER = YES;
				CLANG_WARN_RANGE_LOOP_ANALYSIS = YES;
				CLANG_WARN_STRICT_PROTOTYPES = YES;
				CLANG_WARN_SUSPICIOUS_MOVE = YES;
				CLANG_WARN_UNGUARDED_AVAILABILITY = YES_AGGRESSIVE;
				CLANG_WARN_UNREACHABLE_CODE = YES;
				CLANG_WARN__DUPLICATE_METHOD_MATCH = YES;
				COPY_PHASE_STRIP = NO;
				DEBUG_INFORMATION_FORMAT = "dwarf-with-dsym";
				ENABLE_NS_ASSERTIONS = NO;
				ENABLE_STRICT_OBJC_MSGSEND = YES;
				GCC_C_LANGUAGE_STANDARD = gnu11;
				GCC_NO_COMMON_BLOCKS = YES;
				GCC_WARN_64_TO_32_BIT_CONVERSION = YES;
				GCC_WARN_ABOUT_RETURN_TYPE = YES_ERROR;
				GCC_WARN_UNDECLARED_SELECTOR = YES;
				GCC_WARN_UNINITIALIZED_AUTOS = YES_AGGRESSIVE;
				GCC_WARN_UNUSED_FUNCTION = YES;
				GCC_WARN_UNUSED_VARIABLE = YES;
				IPHONEOS_DEPLOYMENT_TARGET = 15.0;
				MTL_ENABLE_DEBUG_INFO = NO;
				MTL_FAST_MATH = YES;
				PRODUCT_NAME = "$(TARGET_NAME)";
				SDKROOT = iphoneos;
				SWIFT_COMPILATION_MODE = wholemodule;
				SWIFT_OPTIMIZATION_LEVEL = "-O";
				SWIFT_VERSION = 5.0;
			};
			name = Release;
		};
		885EB71B7B0D17DC92B03A78 /* Debug */ = {
			isa = XCBuildConfiguration;
			buildSettings = {
				ALWAYS_SEARCH_USER_PATHS = NO;
				CLANG_ANALYZER_NONNULL = YES;
				CLANG_ANALYZER_NUMBER_OBJECT_CONVERSION = YES_AGGRESSIVE;
				CLANG_CXX_LANGUAGE_STANDARD = "gnu++14";
				CLANG_CXX_LIBRARY = "libc++";
				CLANG_ENABLE_MODULES = YES;
				CLANG_ENABLE_OBJC_ARC = YES;
				CLANG_ENABLE_OBJC_WEAK = YES;
				CLANG_WARN_BLOCK_CAPTURE_AUTORELEASING = YES;
				CLANG_WARN_BOOL_CONVERSION = YES;
				CLANG_WARN_COMMA = YES;
				CLANG_WARN_CONSTANT_CONVERSION = YES;
				CLANG_WARN_DEPRECATED_OBJC_IMPLEMENTATIONS = YES;
				CLANG_WARN_DIRECT_OBJC_ISA_USAGE = YES_ERROR;
				CLANG_WARN_DOCUMENTATION_COMMENTS = YES;
				CLANG_WARN_EMPTY_BODY = YES;
				CLANG_WARN_ENUM_CONVERSION = YES;
				CLANG_WARN_INFINITE_RECURSION = YES;
				CLANG_WARN_INT_CONVERSION = YES;
				CLANG_WARN_NON_LITERAL_NULL_CONVERSION = YES;
				CLANG_WARN_OBJC_IMPLICIT_RETAIN_SELF = YES;
				CLANG_WARN_OBJC_LITERAL_CONVERSION = YES;
				CLANG_WARN_OBJC_ROOT_CLASS = YES_ERROR;
				CLANG_WARN_QUOTED_INCLUDE_IN_FRAMEWORK_HEADER = YES;
				CLANG_WARN_RANGE_LOOP_ANALYSIS = YES;
				CLANG_WARN_STRICT_PROTOTYPES = YES;
				CLANG_WARN_SUSPICIOUS_MOVE = YES;
				CLANG_WARN_UNGUARDED_AVAILABILITY = YES_AGGRESSIVE;
				CLANG_WARN_UNREACHABLE_CODE = YES;
				CLANG_WARN__DUPLICATE_METHOD_MATCH = YES;
				COPY_PHASE_STRIP = NO;
				DEBUG_INFORMATION_FORMAT = dwarf;
				ENABLE_STRICT_OBJC_MSGSEND = YES;
				ENABLE_TESTABILITY = YES;
				GCC_C_LANGUAGE_STANDARD = gnu11;
				GCC_DYNAMIC_NO_PIC = NO;
				GCC_NO_COMMON_BLOCKS = YES;
				GCC_OPTIMIZATION_LEVEL = 0;
				GCC_PREPROCESSOR_DEFINITIONS = (
					"$(inherited)",
					"DEBUG=1",
				);
				GCC_WARN_64_TO_32_BIT_CONVERSION = YES;
				GCC_WARN_ABOUT_RETURN_TYPE = YES_ERROR;
				GCC_WARN_UNDECLARED_SELECTOR = YES;
				GCC_WARN_UNINITIALIZED_AUTOS = YES_AGGRESSIVE;
				GCC_WARN_UNUSED_FUNCTION = YES;
				GCC_WARN_UNUSED_VARIABLE = YES;
				IPHONEOS_DEPLOYMENT_TARGET = 15.0;
				MTL_ENABLE_DEBUG_INFO = INCLUDE_SOURCE;
				MTL_FAST_MATH = YES;
				ONLY_ACTIVE_ARCH = YES;
				PRODUCT_NAME = "$(TARGET_NAME)";
				SDKROOT = iphoneos;
				SWIFT_ACTIVE_COMPILATION_CONDITIONS = DEBUG;
				SWIFT_OPTIMIZATION_LEVEL = "-Onone";
				SWIFT_VERSION = 5.0;
			};
			name = Debug;
		};
		C0EA64BCBEB8A5FBA342AD9B /* Debug */ = {
			isa = XCBuildConfiguration;
			buildSettings = {
				ASSETCATALOG_COMPILER_APPICON_NAME = AppIcon;
				CODE_SIGN_IDENTITY = "iPhone Developer";
				INFOPLIST_FILE = App/Info.plist;
				LD_RUNPATH_SEARCH_PATHS = (
					"$(inherited)",
					"@executable_path/Frameworks",
				);
				PRODUCT_BUNDLE_IDENTIFIER = com.example.helpinghand;
				SDKROOT = iphoneos;
				SWIFT_ACTIVE_COMPILATION_CONDITIONS = DEBUG;
				TARGETED_DEVICE_FAMILY = "1,2";
			};
			name = Debug;
		};
/* End XCBuildConfiguration section */

/* Begin XCConfigurationList section */
		BA49ED3BA942DE3FCC38484D /* Build configuration list for PBXProject "HelpingHand" */ = {
			isa = XCConfigurationList;
			buildConfigurations = (
				885EB71B7B0D17DC92B03A78 /* Debug */,
				455F9C213219533A4AEE852B /* Release */,
			);
			defaultConfigurationIsVisible = 0;
			defaultConfigurationName = Debug;
		};
		BF92356F8376B18E9DE74D1C /* Build configuration list for PBXNativeTarget "HelpingHand" */ = {
			isa = XCConfigurationList;
			buildConfigurations = (
				C0EA64BCBEB8A5FBA342AD9B /* Debug */,
				1D542BD5B72FAAD9670BEE31 /* Release */,
			);
			defaultConfigurationIsVisible = 0;
			defaultConfigurationName = Debug;
		};
/* End XCConfigurationList section */

/* Begin XCRemoteSwiftPackageReference section */
		1551D25354F818ADE8E59F8E /* XCRemoteSwiftPackageReference "OpenAI" */ = {
			isa = XCRemoteSwiftPackageReference;
			repositoryURL = "https://github.com/MacPaw/OpenAI.git";
			requirement = {
				kind = exactVersion;
				version = 0.2.4;
			};
		};
/* End XCRemoteSwiftPackageReference section */

/* Begin XCSwiftPackageProductDependency section */
		938BB1BA3BFC8071D948C031 /* OpenAI */ = {
			isa = XCSwiftPackageProductDependency;
			package = 1551D25354F818ADE8E59F8E /* XCRemoteSwiftPackageReference "OpenAI" */;
			productName = OpenAI;
		};
/* End XCSwiftPackageProductDependency section */
	};
	rootObject = CDF0A9E71F23AB4CD5716417 /* Project object */;
}
