{
  "originHash" : "0f6fa789e3ccd649ba0dc0bf0e62d112b1bbe417fa1c42d661c1038d7c38a0a3",
  "pins" : [
    {
      "identity" : "openai",
      "kind" : "remoteSourceControl",
      "location" : "https://github.com/MacPaw/OpenAI.git",
      "state" : {
        "revision" : "c45f3320ffa760f043c0239f724850c0e4f8bde5",
        "version" : "0.2.4"
      }
    }
  ],
  "version" : 3
}
